
Microsoft Visual Studio Solution File, Format Version 12.00
# Visual Studio 15
VisualStudioVersion = 15.0.27428.2015
MinimumVisualStudioVersion = 10.0.40219.1
Project("{8BC9CEB8-8B4A-11D0-8D11-00A0C91BC942}") = "00Test", "00Test\00Test.vcxproj", "{1DD16CA7-B71A-4C80-8DA7-0B4EACDA6DCB}"
EndProject
Global
	GlobalSection(SolutionConfigurationPlatforms) = preSolution
		Debug|x64 = Debug|x64
		Debug|x86 = Debug|x86
		Release|x64 = Release|x64
		Release|x86 = Release|x86
	EndGlobalSection
	GlobalSection(ProjectConfigurationPlatforms) = postSolution
		{1DD16CA7-B71A-4C80-8DA7-0B4EACDA6DCB}.Debug|x64.ActiveCfg = Debug|x64
		{1DD16CA7-B71A-4C80-8DA7-0B4EACDA6DCB}.Debug|x64.Build.0 = Debug|x64
		{1DD16CA7-B71A-4C80-8DA7-0B4EACDA6DCB}.Debug|x86.ActiveCfg = Debug|Win32
		{1DD16CA7-B71A-4C80-8DA7-0B4EACDA6DCB}.Debug|x86.Build.0 = Debug|Win32
		{1DD16CA7-B71A-4C80-8DA7-0B4EACDA6DCB}.Release|x64.ActiveCfg = Release|x64
		{1DD16CA7-B71A-4C80-8DA7-0B4EACDA6DCB}.Release|x64.Build.0 = Release|x64
		{1DD16CA7-B71A-4C80-8DA7-0B4EACDA6DCB}.Release|x86.ActiveCfg = Release|Win32
		{1DD16CA7-B71A-4C80-8DA7-0B4EACDA6DCB}.Release|x86.Build.0 = Release|Win32
	EndGlobalSection
	GlobalSection(SolutionProperties) = preSolution
		HideSolutionNode = FALSE
	EndGlobalSection
	GlobalSection(ExtensibilityGlobals) = postSolution
		SolutionGuid = {F405FDEF-7FE5-4252-9187-FCFD0455B649}
	EndGlobalSection
EndGlobal
